# This file is automatically @generated by Cargo.
# It is not intended for manual editing.
version = 3

[[package]]
name = "binary-diagnostic"
version = "0.1.0"

[[package]]
name = "chiton"
version = "0.1.0"

[[package]]
name = "dive"
version = "0.1.0"

[[package]]
name = "dumbo-octopus"
version = "0.1.0"

[[package]]
name = "either"
version = "1.6.1"
source = "registry+https://github.com/rust-lang/crates.io-index"
checksum = "e78d4f1cc4ae33bbfc157ed5d5a5ef3bc29227303d595861deb238fcec4e9457"

[[package]]
name = "extended-polymerization"
version = "0.1.0"

[[package]]
name = "giant-squid"
version = "0.1.0"

[[package]]
name = "hydrothermal-venture"
version = "0.1.0"

[[package]]
name = "itertools"
version = "0.10.3"
source = "registry+https://github.com/rust-lang/crates.io-index"
checksum = "a9a9d19fa1e79b6215ff29b9d6880b706147f16e9b1dbb1e4e5947b5b02bc5e3"
dependencies = [
 "either",
]

[[package]]
name = "lanternfish"
version = "0.1.0"

[[package]]
name = "packet-decoder"
version = "0.1.0"

[[package]]
name = "passage-pathing"
version = "0.1.0"

[[package]]
name = "seven-segment-search"
version = "0.1.0"

[[package]]
name = "smoke-basin"
version = "0.1.0"

[[package]]
name = "sonar-sweep"
version = "0.1.0"
dependencies = [
 "itertools",
]

[[package]]
name = "syntax-scoring"
version = "0.1.0"

[[package]]
name = "transparent-origami"
version = "0.1.0"

[[package]]
name = "treachery-of-whales"
version = "0.1.0"
